
Microsoft Visual Studio Solution File, Format Version 12.00
# Visual Studio Version 17
VisualStudioVersion = 17.3.32825.248
MinimumVisualStudioVersion = 10.0.40219.1
Project("{FAE04EC0-301F-11D3-BF4B-00C04F79EFBC}") = "Clockpass.Android", "Clockpass\Clockpass.Android\Clockpass.Android.csproj", "{B17594C1-FB88-46C7-92D9-57A0B0B0FBAB}"
EndProject
Project("{FAE04EC0-301F-11D3-BF4B-00C04F79EFBC}") = "Clockpass.iOS", "Clockpass\Clockpass.iOS\Clockpass.iOS.csproj", "{2E8BCBED-EBD3-4098-941A-1713B12228C1}"
EndProject
Project("{FAE04EC0-301F-11D3-BF4B-00C04F79EFBC}") = "Clockpass", "Clockpass\Clockpass\Clockpass.csproj", "{28BEFCD3-D4EA-4A11-9D6C-B12DE6C81AD3}"
EndProject
Global
	GlobalSection(SolutionConfigurationPlatforms) = preSolution
		Debug|Any CPU = Debug|Any CPU
		Debug|iPhone = Debug|iPhone
		Debug|iPhoneSimulator = Debug|iPhoneSimulator
		Release|Any CPU = Release|Any CPU
		Release|iPhone = Release|iPhone
		Release|iPhoneSimulator = Release|iPhoneSimulator
	EndGlobalSection
	GlobalSection(ProjectConfigurationPlatforms) = postSolution
		{B17594C1-FB88-46C7-92D9-57A0B0B0FBAB}.Debug|Any CPU.ActiveCfg = Debug|Any CPU
		{B17594C1-FB88-46C7-92D9-57A0B0B0FBAB}.Debug|Any CPU.Build.0 = Debug|Any CPU
		{B17594C1-FB88-46C7-92D9-57A0B0B0FBAB}.Debug|Any CPU.Deploy.0 = Debug|Any CPU
		{B17594C1-FB88-46C7-92D9-57A0B0B0FBAB}.Debug|iPhone.ActiveCfg = Debug|Any CPU
		{B17594C1-FB88-46C7-92D9-57A0B0B0FBAB}.Debug|iPhone.Build.0 = Debug|Any CPU
		{B17594C1-FB88-46C7-92D9-57A0B0B0FBAB}.Debug|iPhone.Deploy.0 = Debug|Any CPU
		{B17594C1-FB88-46C7-92D9-57A0B0B0FBAB}.Debug|iPhoneSimulator.ActiveCfg = Debug|Any CPU
		{B17594C1-FB88-46C7-92D9-57A0B0B0FBAB}.Debug|iPhoneSimulator.Build.0 = Debug|Any CPU
		{B17594C1-FB88-46C7-92D9-57A0B0B0FBAB}.Debug|iPhoneSimulator.Deploy.0 = Debug|Any CPU
		{B17594C1-FB88-46C7-92D9-57A0B0B0FBAB}.Release|Any CPU.ActiveCfg = Release|Any CPU
		{B17594C1-FB88-46C7-92D9-57A0B0B0FBAB}.Release|Any CPU.Build.0 = Release|Any CPU
		{B17594C1-FB88-46C7-92D9-57A0B0B0FBAB}.Release|Any CPU.Deploy.0 = Release|Any CPU
		{B17594C1-FB88-46C7-92D9-57A0B0B0FBAB}.Release|iPhone.ActiveCfg = Release|Any CPU
		{B17594C1-FB88-46C7-92D9-57A0B0B0FBAB}.Release|iPhone.Build.0 = Release|Any CPU
		{B17594C1-FB88-46C7-92D9-57A0B0B0FBAB}.Release|iPhone.Deploy.0 = Release|Any CPU
		{B17594C1-FB88-46C7-92D9-57A0B0B0FBAB}.Release|iPhoneSimulator.ActiveCfg = Release|Any CPU
		{B17594C1-FB88-46C7-92D9-57A0B0B0FBAB}.Release|iPhoneSimulator.Build.0 = Release|Any CPU
		{B17594C1-FB88-46C7-92D9-57A0B0B0FBAB}.Release|iPhoneSimulator.Deploy.0 = Release|Any CPU
		{2E8BCBED-EBD3-4098-941A-1713B12228C1}.Debug|Any CPU.ActiveCfg = Debug|iPhone
		{2E8BCBED-EBD3-4098-941A-1713B12228C1}.Debug|Any CPU.Build.0 = Debug|iPhone
		{2E8BCBED-EBD3-4098-941A-1713B12228C1}.Debug|Any CPU.Deploy.0 = Debug|iPhone
		{2E8BCBED-EBD3-4098-941A-1713B12228C1}.Debug|iPhone.ActiveCfg = Debug|iPhone
		{2E8BCBED-EBD3-4098-941A-1713B12228C1}.Debug|iPhone.Build.0 = Debug|iPhone
		{2E8BCBED-EBD3-4098-941A-1713B12228C1}.Debug|iPhone.Deploy.0 = Debug|iPhone
		{2E8BCBED-EBD3-4098-941A-1713B12228C1}.Debug|iPhoneSimulator.ActiveCfg = Debug|iPhoneSimulator
		{2E8BCBED-EBD3-4098-941A-1713B12228C1}.Debug|iPhoneSimulator.Build.0 = Debug|iPhoneSimulator
		{2E8BCBED-EBD3-4098-941A-1713B12228C1}.Debug|iPhoneSimulator.Deploy.0 = Debug|iPhoneSimulator
		{2E8BCBED-EBD3-4098-941A-1713B12228C1}.Release|Any CPU.ActiveCfg = Release|iPhoneSimulator
		{2E8BCBED-EBD3-4098-941A-1713B12228C1}.Release|Any CPU.Build.0 = Release|iPhoneSimulator
		{2E8BCBED-EBD3-4098-941A-1713B12228C1}.Release|Any CPU.Deploy.0 = Release|iPhoneSimulator
		{2E8BCBED-EBD3-4098-941A-1713B12228C1}.Release|iPhone.ActiveCfg = Release|iPhone
		{2E8BCBED-EBD3-4098-941A-1713B12228C1}.Release|iPhone.Build.0 = Release|iPhone
		{2E8BCBED-EBD3-4098-941A-1713B12228C1}.Release|iPhone.Deploy.0 = Release|iPhone
		{2E8BCBED-EBD3-4098-941A-1713B12228C1}.Release|iPhoneSimulator.ActiveCfg = Release|iPhoneSimulator
		{2E8BCBED-EBD3-4098-941A-1713B12228C1}.Release|iPhoneSimulator.Build.0 = Release|iPhoneSimulator
		{2E8BCBED-EBD3-4098-941A-1713B12228C1}.Release|iPhoneSimulator.Deploy.0 = Release|iPhoneSimulator
		{28BEFCD3-D4EA-4A11-9D6C-B12DE6C81AD3}.Debug|Any CPU.ActiveCfg = Debug|Any CPU
		{28BEFCD3-D4EA-4A11-9D6C-B12DE6C81AD3}.Debug|Any CPU.Build.0 = Debug|Any CPU
		{28BEFCD3-D4EA-4A11-9D6C-B12DE6C81AD3}.Debug|Any CPU.Deploy.0 = Debug|Any CPU
		{28BEFCD3-D4EA-4A11-9D6C-B12DE6C81AD3}.Debug|iPhone.ActiveCfg = Debug|Any CPU
		{28BEFCD3-D4EA-4A11-9D6C-B12DE6C81AD3}.Debug|iPhone.Build.0 = Debug|Any CPU
		{28BEFCD3-D4EA-4A11-9D6C-B12DE6C81AD3}.Debug|iPhone.Deploy.0 = Debug|Any CPU
		{28BEFCD3-D4EA-4A11-9D6C-B12DE6C81AD3}.Debug|iPhoneSimulator.ActiveCfg = Debug|Any CPU
		{28BEFCD3-D4EA-4A11-9D6C-B12DE6C81AD3}.Debug|iPhoneSimulator.Build.0 = Debug|Any CPU
		{28BEFCD3-D4EA-4A11-9D6C-B12DE6C81AD3}.Debug|iPhoneSimulator.Deploy.0 = Debug|Any CPU
		{28BEFCD3-D4EA-4A11-9D6C-B12DE6C81AD3}.Release|Any CPU.ActiveCfg = Release|Any CPU
		{28BEFCD3-D4EA-4A11-9D6C-B12DE6C81AD3}.Release|Any CPU.Build.0 = Release|Any CPU
		{28BEFCD3-D4EA-4A11-9D6C-B12DE6C81AD3}.Release|Any CPU.Deploy.0 = Release|Any CPU
		{28BEFCD3-D4EA-4A11-9D6C-B12DE6C81AD3}.Release|iPhone.ActiveCfg = Release|Any CPU
		{28BEFCD3-D4EA-4A11-9D6C-B12DE6C81AD3}.Release|iPhone.Build.0 = Release|Any CPU
		{28BEFCD3-D4EA-4A11-9D6C-B12DE6C81AD3}.Release|iPhone.Deploy.0 = Release|Any CPU
		{28BEFCD3-D4EA-4A11-9D6C-B12DE6C81AD3}.Release|iPhoneSimulator.ActiveCfg = Release|Any CPU
		{28BEFCD3-D4EA-4A11-9D6C-B12DE6C81AD3}.Release|iPhoneSimulator.Build.0 = Release|Any CPU
		{28BEFCD3-D4EA-4A11-9D6C-B12DE6C81AD3}.Release|iPhoneSimulator.Deploy.0 = Release|Any CPU
	EndGlobalSection
	GlobalSection(SolutionProperties) = preSolution
		HideSolutionNode = FALSE
	EndGlobalSection
	GlobalSection(ExtensibilityGlobals) = postSolution
		SolutionGuid = {4694D5C8-164D-4BD7-B6F5-224ACF6CDE3B}
	EndGlobalSection
EndGlobal
